
Microsoft Visual Studio Solution File, Format Version 12.00
# Visual Studio Version 16
VisualStudioVersion = 16.0.30413.136
MinimumVisualStudioVersion = 10.0.40219.1
Project("{9A19103F-16F7-4668-BE54-9A1E7A4F7556}") = "Athena.Test", "test\Athena.Test.csproj", "{DC0E1A36-C7BB-448A-AD65-EE2F9E5A61D3}"
EndProject
Project("{9A19103F-16F7-4668-BE54-9A1E7A4F7556}") = "Athena", "src\Athena.csproj", "{22985D6F-00C1-4AFE-A1A4-D6C19F11E17D}"
EndProject
Global
	GlobalSection(SolutionConfigurationPlatforms) = preSolution
		Debug|Any CPU = Debug|Any CPU
		Release|Any CPU = Release|Any CPU
	EndGlobalSection
	GlobalSection(ProjectConfigurationPlatforms) = postSolution
		{DC0E1A36-C7BB-448A-AD65-EE2F9E5A61D3}.Debug|Any CPU.ActiveCfg = Debug|Any CPU
		{DC0E1A36-C7BB-448A-AD65-EE2F9E5A61D3}.Debug|Any CPU.Build.0 = Debug|Any CPU
		{DC0E1A36-C7BB-448A-AD65-EE2F9E5A61D3}.Release|Any CPU.ActiveCfg = Release|Any CPU
		{DC0E1A36-C7BB-448A-AD65-EE2F9E5A61D3}.Release|Any CPU.Build.0 = Release|Any CPU
		{22985D6F-00C1-4AFE-A1A4-D6C19F11E17D}.Debug|Any CPU.ActiveCfg = Debug|Any CPU
		{22985D6F-00C1-4AFE-A1A4-D6C19F11E17D}.Debug|Any CPU.Build.0 = Debug|Any CPU
		{22985D6F-00C1-4AFE-A1A4-D6C19F11E17D}.Release|Any CPU.ActiveCfg = Release|Any CPU
		{22985D6F-00C1-4AFE-A1A4-D6C19F11E17D}.Release|Any CPU.Build.0 = Release|Any CPU
	EndGlobalSection
	GlobalSection(SolutionProperties) = preSolution
		HideSolutionNode = FALSE
	EndGlobalSection
	GlobalSection(ExtensibilityGlobals) = postSolution
		SolutionGuid = {F47E5F0D-D10C-45F4-956E-4F0BF9AA5EA6}
	EndGlobalSection
EndGlobal
